{
    "version": 3,
    "terraform_version": "0.11.4",
    "serial": 2,
    "lineage": "e120dce5-474c-e88c-84e4-21c3233b0d17",
    "modules": [
        {
            "path": [
                "root"
            ],
            "outputs": {
                "jenkins-ip": {
                    "sensitive": false,
                    "type": "string",
                    "value": "34.250.213.48"
                }
            },
            "resources": {
                "aws_ebs_volume.jenkins-data": {
                    "type": "aws_ebs_volume",
                    "depends_on": [],
                    "primary": {
                        "id": "vol-0b37943e973d40617",
                        "attributes": {
                            "arn": "arn:aws:ec2:eu-west-1:125439259242:volume/vol-0b37943e973d40617",
                            "availability_zone": "eu-west-1a",
                            "encrypted": "false",
                            "id": "vol-0b37943e973d40617",
                            "size": "20",
                            "snapshot_id": "",
                            "tags.%": "1",
                            "tags.Name": "jenkins-data",
                            "type": "gp2"
                        },
                        "meta": {},
                        "tainted": false
                    },
                    "deposed": [],
                    "provider": "provider.aws"
                },
                "aws_instance.jenkins-instance": {
                    "type": "aws_instance",
                    "depends_on": [
                        "aws_key_pair.mykeypair",
                        "aws_security_group.jenkins-securitygroup",
                        "aws_subnet.main-public-1",
                        "data.template_cloudinit_config.cloudinit-jenkins"
                    ],
                    "primary": {
                        "id": "i-00f18e6508836689c",
                        "attributes": {
                            "ami": "ami-844e0bf7",
                            "associate_public_ip_address": "true",
                            "availability_zone": "eu-west-1a",
                            "disable_api_termination": "false",
                            "ebs_block_device.#": "0",
                            "ebs_optimized": "false",
                            "ephemeral_block_device.#": "0",
                            "get_password_data": "false",
                            "iam_instance_profile": "",
                            "id": "i-00f18e6508836689c",
                            "instance_state": "running",
                            "instance_type": "t2.micro",
                            "ipv6_addresses.#": "0",
                            "key_name": "mykeypair",
                            "monitoring": "false",
                            "network_interface.#": "0",
                            "network_interface_id": "eni-06d2c1e9ab59b6983",
                            "password_data": "",
                            "placement_group": "",
                            "primary_network_interface_id": "eni-06d2c1e9ab59b6983",
                            "private_dns": "ip-10-0-1-27.eu-west-1.compute.internal",
                            "private_ip": "10.0.1.27",
                            "public_dns": "ec2-34-250-213-48.eu-west-1.compute.amazonaws.com",
                            "public_ip": "34.250.213.48",
                            "root_block_device.#": "1",
                            "root_block_device.0.delete_on_termination": "true",
                            "root_block_device.0.iops": "100",
                            "root_block_device.0.volume_id": "vol-0df6b729b1101db57",
                            "root_block_device.0.volume_size": "8",
                            "root_block_device.0.volume_type": "gp2",
                            "security_groups.#": "0",
                            "source_dest_check": "true",
                            "subnet_id": "subnet-0f897013bcd4f17f0",
                            "tags.%": "0",
                            "tenancy": "default",
                            "user_data": "b66eeae865bff1a8ed5cd08465fe586fcb0ba8fc",
                            "volume_tags.%": "0",
                            "vpc_security_group_ids.#": "1",
                            "vpc_security_group_ids.3292593206": "sg-095be5aa166e29512"
                        },
                        "meta": {
                            "e2bfb730-ecaa-11e6-8f88-34363bc7c4c0": {
                                "create": 600000000000,
                                "delete": 1200000000000,
                                "update": 600000000000
                            },
                            "schema_version": "1"
                        },
                        "tainted": false
                    },
                    "deposed": [],
                    "provider": "provider.aws"
                },
                "aws_internet_gateway.main-gw": {
                    "type": "aws_internet_gateway",
                    "depends_on": [
                        "aws_vpc.main"
                    ],
                    "primary": {
                        "id": "igw-0ab61e73bb911cbbc",
                        "attributes": {
                            "id": "igw-0ab61e73bb911cbbc",
                            "tags.%": "1",
                            "tags.Name": "main",
                            "vpc_id": "vpc-0a94c7a4613492d11"
                        },
                        "meta": {},
                        "tainted": false
                    },
                    "deposed": [],
                    "provider": "provider.aws"
                },
                "aws_key_pair.mykeypair": {
                    "type": "aws_key_pair",
                    "depends_on": [],
                    "primary": {
                        "id": "mykeypair",
                        "attributes": {
                            "id": "mykeypair",
                            "key_name": "mykeypair",
                            "public_key": "ssh-rsa AAAAB3NzaC1yc2EAAAADAQABAAABAQC5R3hBGD182YcOnTXykn/bM4vhUUeAGFelk6yR4PhxXdbaYisshwnyQdOkuBpS/LfjHeT4xgjwovCIY32xpj0pgUsonlhCUzrs6Ec+69gFvIIK9b3C2U2UjoKQULjONUco2ZB0IlvRWTd80DiRlHGZbou8oAgx87TQ8PR8x1iKDECK2hUTYQE/ztnNubsT3sNZ1kfwjR51APPbJ4DIAJMDyIK7BwyecfiAU1b8iXjBS4fAhMvnDhaTeEKfuPSPp9a2X6PLzgDW5enPmckBfk9PVlpChnBPuY3DppG7MMP19+xve9FpMdikksTPvNMXoUAggwd3tek0spg7DQgYxRit nagraops@debian-nagraops"
                        },
                        "meta": {
                            "schema_version": "1"
                        },
                        "tainted": false
                    },
                    "deposed": [],
                    "provider": "provider.aws"
                },
                "aws_route_table.main-public": {
                    "type": "aws_route_table",
                    "depends_on": [
                        "aws_internet_gateway.main-gw",
                        "aws_vpc.main"
                    ],
                    "primary": {
                        "id": "rtb-00b2884c1163ae9ee",
                        "attributes": {
                            "id": "rtb-00b2884c1163ae9ee",
                            "propagating_vgws.#": "0",
                            "route.#": "1",
                            "route.1266988762.cidr_block": "0.0.0.0/0",
                            "route.1266988762.egress_only_gateway_id": "",
                            "route.1266988762.gateway_id": "igw-0ab61e73bb911cbbc",
                            "route.1266988762.instance_id": "",
                            "route.1266988762.ipv6_cidr_block": "",
                            "route.1266988762.nat_gateway_id": "",
                            "route.1266988762.network_interface_id": "",
                            "route.1266988762.vpc_peering_connection_id": "",
                            "tags.%": "1",
                            "tags.Name": "main-public-1",
                            "vpc_id": "vpc-0a94c7a4613492d11"
                        },
                        "meta": {},
                        "tainted": false
                    },
                    "deposed": [],
                    "provider": "provider.aws"
                },
                "aws_route_table_association.main-public-1-a": {
                    "type": "aws_route_table_association",
                    "depends_on": [
                        "aws_route_table.main-public",
                        "aws_subnet.main-public-1"
                    ],
                    "primary": {
                        "id": "rtbassoc-03fc5c018434aaf5b",
                        "attributes": {
                            "id": "rtbassoc-03fc5c018434aaf5b",
                            "route_table_id": "rtb-00b2884c1163ae9ee",
                            "subnet_id": "subnet-0f897013bcd4f17f0"
                        },
                        "meta": {},
                        "tainted": false
                    },
                    "deposed": [],
                    "provider": "provider.aws"
                },
                "aws_route_table_association.main-public-2-a": {
                    "type": "aws_route_table_association",
                    "depends_on": [
                        "aws_route_table.main-public",
                        "aws_subnet.main-public-2"
                    ],
                    "primary": {
                        "id": "rtbassoc-0fa335ea3896e88f6",
                        "attributes": {
                            "id": "rtbassoc-0fa335ea3896e88f6",
                            "route_table_id": "rtb-00b2884c1163ae9ee",
                            "subnet_id": "subnet-0550c75bd60b3c200"
                        },
                        "meta": {},
                        "tainted": false
                    },
                    "deposed": [],
                    "provider": "provider.aws"
                },
                "aws_route_table_association.main-public-3-a": {
                    "type": "aws_route_table_association",
                    "depends_on": [
                        "aws_route_table.main-public",
                        "aws_subnet.main-public-3"
                    ],
                    "primary": {
                        "id": "rtbassoc-04408936b1af1ae49",
                        "attributes": {
                            "id": "rtbassoc-04408936b1af1ae49",
                            "route_table_id": "rtb-00b2884c1163ae9ee",
                            "subnet_id": "subnet-027356fdd2f5891f8"
                        },
                        "meta": {},
                        "tainted": false
                    },
                    "deposed": [],
                    "provider": "provider.aws"
                },
                "aws_s3_bucket.terraform-state": {
                    "type": "aws_s3_bucket",
                    "depends_on": [],
                    "primary": {
                        "id": "terraform-state-luis-123",
                        "attributes": {
                            "acceleration_status": "",
                            "acl": "private",
                            "arn": "arn:aws:s3:::terraform-state-luis-123",
                            "bucket": "terraform-state-luis-123",
                            "bucket_domain_name": "terraform-state-luis-123.s3.amazonaws.com",
                            "force_destroy": "false",
                            "hosted_zone_id": "Z1BKCTXD74EZPE",
                            "id": "terraform-state-luis-123",
                            "logging.#": "0",
                            "region": "eu-west-1",
                            "replication_configuration.#": "0",
                            "request_payer": "BucketOwner",
                            "server_side_encryption_configuration.#": "0",
                            "tags.%": "1",
                            "tags.Name": "Terraform state",
                            "versioning.#": "1",
                            "versioning.0.enabled": "false",
                            "versioning.0.mfa_delete": "false",
                            "website.#": "0"
                        },
                        "meta": {},
                        "tainted": false
                    },
                    "deposed": [],
                    "provider": "provider.aws"
                },
                "aws_security_group.app-securitygroup": {
                    "type": "aws_security_group",
                    "depends_on": [
                        "aws_vpc.main"
                    ],
                    "primary": {
                        "id": "sg-047ed507ec2d53978",
                        "attributes": {
                            "arn": "arn:aws:ec2:eu-west-1:125439259242:security-group/sg-047ed507ec2d53978",
                            "description": "security group that allows ssh and all egress traffic",
                            "egress.#": "1",
                            "egress.482069346.cidr_blocks.#": "1",
                            "egress.482069346.cidr_blocks.0": "0.0.0.0/0",
                            "egress.482069346.description": "",
                            "egress.482069346.from_port": "0",
                            "egress.482069346.ipv6_cidr_blocks.#": "0",
                            "egress.482069346.prefix_list_ids.#": "0",
                            "egress.482069346.protocol": "-1",
                            "egress.482069346.security_groups.#": "0",
                            "egress.482069346.self": "false",
                            "egress.482069346.to_port": "0",
                            "id": "sg-047ed507ec2d53978",
                            "ingress.#": "2",
                            "ingress.2214680975.cidr_blocks.#": "1",
                            "ingress.2214680975.cidr_blocks.0": "0.0.0.0/0",
                            "ingress.2214680975.description": "",
                            "ingress.2214680975.from_port": "80",
                            "ingress.2214680975.ipv6_cidr_blocks.#": "0",
                            "ingress.2214680975.protocol": "tcp",
                            "ingress.2214680975.security_groups.#": "0",
                            "ingress.2214680975.self": "false",
                            "ingress.2214680975.to_port": "80",
                            "ingress.2541437006.cidr_blocks.#": "1",
                            "ingress.2541437006.cidr_blocks.0": "0.0.0.0/0",
                            "ingress.2541437006.description": "",
                            "ingress.2541437006.from_port": "22",
                            "ingress.2541437006.ipv6_cidr_blocks.#": "0",
                            "ingress.2541437006.protocol": "tcp",
                            "ingress.2541437006.security_groups.#": "0",
                            "ingress.2541437006.self": "false",
                            "ingress.2541437006.to_port": "22",
                            "name": "app-securitygroup",
                            "owner_id": "125439259242",
                            "revoke_rules_on_delete": "false",
                            "tags.%": "1",
                            "tags.Name": "app-securitygroup",
                            "vpc_id": "vpc-0a94c7a4613492d11"
                        },
                        "meta": {
                            "e2bfb730-ecaa-11e6-8f88-34363bc7c4c0": {
                                "create": 600000000000,
                                "delete": 600000000000
                            },
                            "schema_version": "1"
                        },
                        "tainted": false
                    },
                    "deposed": [],
                    "provider": "provider.aws"
                },
                "aws_security_group.jenkins-securitygroup": {
                    "type": "aws_security_group",
                    "depends_on": [
                        "aws_vpc.main"
                    ],
                    "primary": {
                        "id": "sg-095be5aa166e29512",
                        "attributes": {
                            "arn": "arn:aws:ec2:eu-west-1:125439259242:security-group/sg-095be5aa166e29512",
                            "description": "security group that allows ssh and all egress traffic",
                            "egress.#": "1",
                            "egress.482069346.cidr_blocks.#": "1",
                            "egress.482069346.cidr_blocks.0": "0.0.0.0/0",
                            "egress.482069346.description": "",
                            "egress.482069346.from_port": "0",
                            "egress.482069346.ipv6_cidr_blocks.#": "0",
                            "egress.482069346.prefix_list_ids.#": "0",
                            "egress.482069346.protocol": "-1",
                            "egress.482069346.security_groups.#": "0",
                            "egress.482069346.self": "false",
                            "egress.482069346.to_port": "0",
                            "id": "sg-095be5aa166e29512",
                            "ingress.#": "2",
                            "ingress.2541437006.cidr_blocks.#": "1",
                            "ingress.2541437006.cidr_blocks.0": "0.0.0.0/0",
                            "ingress.2541437006.description": "",
                            "ingress.2541437006.from_port": "22",
                            "ingress.2541437006.ipv6_cidr_blocks.#": "0",
                            "ingress.2541437006.protocol": "tcp",
                            "ingress.2541437006.security_groups.#": "0",
                            "ingress.2541437006.self": "false",
                            "ingress.2541437006.to_port": "22",
                            "ingress.516175195.cidr_blocks.#": "1",
                            "ingress.516175195.cidr_blocks.0": "0.0.0.0/0",
                            "ingress.516175195.description": "",
                            "ingress.516175195.from_port": "8080",
                            "ingress.516175195.ipv6_cidr_blocks.#": "0",
                            "ingress.516175195.protocol": "tcp",
                            "ingress.516175195.security_groups.#": "0",
                            "ingress.516175195.self": "false",
                            "ingress.516175195.to_port": "8080",
                            "name": "jenkins-securitygroup",
                            "owner_id": "125439259242",
                            "revoke_rules_on_delete": "false",
                            "tags.%": "1",
                            "tags.Name": "jenkins-securitygroup",
                            "vpc_id": "vpc-0a94c7a4613492d11"
                        },
                        "meta": {
                            "e2bfb730-ecaa-11e6-8f88-34363bc7c4c0": {
                                "create": 600000000000,
                                "delete": 600000000000
                            },
                            "schema_version": "1"
                        },
                        "tainted": false
                    },
                    "deposed": [],
                    "provider": "provider.aws"
                },
                "aws_subnet.main-private-1": {
                    "type": "aws_subnet",
                    "depends_on": [
                        "aws_vpc.main"
                    ],
                    "primary": {
                        "id": "subnet-03f8fa19909cfed39",
                        "attributes": {
                            "assign_ipv6_address_on_creation": "false",
                            "availability_zone": "eu-west-1a",
                            "cidr_block": "10.0.4.0/24",
                            "id": "subnet-03f8fa19909cfed39",
                            "map_public_ip_on_launch": "false",
                            "tags.%": "1",
                            "tags.Name": "main-private-1",
                            "vpc_id": "vpc-0a94c7a4613492d11"
                        },
                        "meta": {
                            "schema_version": "1"
                        },
                        "tainted": false
                    },
                    "deposed": [],
                    "provider": "provider.aws"
                },
                "aws_subnet.main-private-2": {
                    "type": "aws_subnet",
                    "depends_on": [
                        "aws_vpc.main"
                    ],
                    "primary": {
                        "id": "subnet-02e958c704733ece5",
                        "attributes": {
                            "assign_ipv6_address_on_creation": "false",
                            "availability_zone": "eu-west-1b",
                            "cidr_block": "10.0.5.0/24",
                            "id": "subnet-02e958c704733ece5",
                            "map_public_ip_on_launch": "false",
                            "tags.%": "1",
                            "tags.Name": "main-private-2",
                            "vpc_id": "vpc-0a94c7a4613492d11"
                        },
                        "meta": {
                            "schema_version": "1"
                        },
                        "tainted": false
                    },
                    "deposed": [],
                    "provider": "provider.aws"
                },
                "aws_subnet.main-private-3": {
                    "type": "aws_subnet",
                    "depends_on": [
                        "aws_vpc.main"
                    ],
                    "primary": {
                        "id": "subnet-0561cb63ebe792d93",
                        "attributes": {
                            "assign_ipv6_address_on_creation": "false",
                            "availability_zone": "eu-west-1c",
                            "cidr_block": "10.0.6.0/24",
                            "id": "subnet-0561cb63ebe792d93",
                            "map_public_ip_on_launch": "false",
                            "tags.%": "1",
                            "tags.Name": "main-private-3",
                            "vpc_id": "vpc-0a94c7a4613492d11"
                        },
                        "meta": {
                            "schema_version": "1"
                        },
                        "tainted": false
                    },
                    "deposed": [],
                    "provider": "provider.aws"
                },
                "aws_subnet.main-public-1": {
                    "type": "aws_subnet",
                    "depends_on": [
                        "aws_vpc.main"
                    ],
                    "primary": {
                        "id": "subnet-0f897013bcd4f17f0",
                        "attributes": {
                            "assign_ipv6_address_on_creation": "false",
                            "availability_zone": "eu-west-1a",
                            "cidr_block": "10.0.1.0/24",
                            "id": "subnet-0f897013bcd4f17f0",
                            "map_public_ip_on_launch": "true",
                            "tags.%": "1",
                            "tags.Name": "main-public-1",
                            "vpc_id": "vpc-0a94c7a4613492d11"
                        },
                        "meta": {
                            "schema_version": "1"
                        },
                        "tainted": false
                    },
                    "deposed": [],
                    "provider": "provider.aws"
                },
                "aws_subnet.main-public-2": {
                    "type": "aws_subnet",
                    "depends_on": [
                        "aws_vpc.main"
                    ],
                    "primary": {
                        "id": "subnet-0550c75bd60b3c200",
                        "attributes": {
                            "assign_ipv6_address_on_creation": "false",
                            "availability_zone": "eu-west-1b",
                            "cidr_block": "10.0.2.0/24",
                            "id": "subnet-0550c75bd60b3c200",
                            "map_public_ip_on_launch": "true",
                            "tags.%": "1",
                            "tags.Name": "main-public-2",
                            "vpc_id": "vpc-0a94c7a4613492d11"
                        },
                        "meta": {
                            "schema_version": "1"
                        },
                        "tainted": false
                    },
                    "deposed": [],
                    "provider": "provider.aws"
                },
                "aws_subnet.main-public-3": {
                    "type": "aws_subnet",
                    "depends_on": [
                        "aws_vpc.main"
                    ],
                    "primary": {
                        "id": "subnet-027356fdd2f5891f8",
                        "attributes": {
                            "assign_ipv6_address_on_creation": "false",
                            "availability_zone": "eu-west-1c",
                            "cidr_block": "10.0.3.0/24",
                            "id": "subnet-027356fdd2f5891f8",
                            "map_public_ip_on_launch": "true",
                            "tags.%": "1",
                            "tags.Name": "main-public-3",
                            "vpc_id": "vpc-0a94c7a4613492d11"
                        },
                        "meta": {
                            "schema_version": "1"
                        },
                        "tainted": false
                    },
                    "deposed": [],
                    "provider": "provider.aws"
                },
                "aws_volume_attachment.jenkins-data-attachment": {
                    "type": "aws_volume_attachment",
                    "depends_on": [
                        "aws_ebs_volume.jenkins-data",
                        "aws_instance.jenkins-instance"
                    ],
                    "primary": {
                        "id": "vai-1922892634",
                        "attributes": {
                            "device_name": "/dev/xvdh",
                            "id": "vai-1922892634",
                            "instance_id": "i-00f18e6508836689c",
                            "skip_destroy": "true",
                            "volume_id": "vol-0b37943e973d40617"
                        },
                        "meta": {},
                        "tainted": false
                    },
                    "deposed": [],
                    "provider": "provider.aws"
                },
                "aws_vpc.main": {
                    "type": "aws_vpc",
                    "depends_on": [],
                    "primary": {
                        "id": "vpc-0a94c7a4613492d11",
                        "attributes": {
                            "assign_generated_ipv6_cidr_block": "false",
                            "cidr_block": "10.0.0.0/16",
                            "default_network_acl_id": "acl-0a29f5f01ef85d3fb",
                            "default_route_table_id": "rtb-0d2639682b0438dc3",
                            "default_security_group_id": "sg-0eb904999a937eee8",
                            "dhcp_options_id": "dopt-bd1be8db",
                            "enable_classiclink": "false",
                            "enable_classiclink_dns_support": "false",
                            "enable_dns_hostnames": "true",
                            "enable_dns_support": "true",
                            "id": "vpc-0a94c7a4613492d11",
                            "instance_tenancy": "default",
                            "main_route_table_id": "rtb-0d2639682b0438dc3",
                            "tags.%": "1",
                            "tags.Name": "main"
                        },
                        "meta": {
                            "schema_version": "1"
                        },
                        "tainted": false
                    },
                    "deposed": [],
                    "provider": "provider.aws"
                },
                "data.template_cloudinit_config.cloudinit-jenkins": {
                    "type": "template_cloudinit_config",
                    "depends_on": [
                        "data.template_file.jenkins-init"
                    ],
                    "primary": {
                        "id": "4106998391",
                        "attributes": {
                            "base64_encode": "false",
                            "gzip": "false",
                            "id": "4106998391",
                            "part.#": "1",
                            "part.0.content": "#!/bin/bash\n\n# volume setup\nvgchange -ay\n\nDEVICE_FS=`blkid -o value -s TYPE /dev/xvdh`\nif [ \"`echo -n $DEVICE_FS`\" == \"\" ] ; then \n  # wait for the device to be attached\n  DEVICENAME=`echo \"/dev/xvdh\" | awk -F '/' '{print $3}'`\n  DEVICEEXISTS=''\n  while [[ -z $DEVICEEXISTS ]]; do\n    echo \"checking $DEVICENAME\"\n    DEVICEEXISTS=`lsblk |grep \"$DEVICENAME\" |wc -l`\n    if [[ $DEVICEEXISTS != \"1\" ]]; then\n      sleep 15\n    fi\n  done\n  pvcreate /dev/xvdh\n  vgcreate data /dev/xvdh\n  lvcreate --name volume1 -l 100%FREE data\n  mkfs.ext4 /dev/data/volume1\nfi\nmkdir -p /var/lib/jenkins\necho '/dev/data/volume1 /var/lib/jenkins ext4 defaults 0 0' \u003e\u003e /etc/fstab\nmount /var/lib/jenkins\n\n# install jenkins\nwget -q -O - https://pkg.jenkins.io/debian-stable/jenkins.io.key | sudo apt-key add -\necho \"deb http://pkg.jenkins.io/debian-stable binary/\" \u003e\u003e /etc/apt/sources.list\napt-get update\napt-get install -y jenkins=2.114.1 unzip\n\n# install pip\nwget -q https://bootstrap.pypa.io/get-pip.py\npython get-pip.py\npython3 get-pip.py\nrm -f get-pip.py\n\n# install awscli\npip install awscli\n\n# install terraform\ncd /usr/local/bin\nwget -q https://releases.hashicorp.com/terraform/0.11.5/terraform_0.11.5_linux_amd64.zip\nunzip terraform_0.11.5_linux_amd64.zip\n\n# install packer\nwget -q https://releases.hashicorp.com/packer/0.10.2/packer_0.10.2_linux_amd64.zip\nunzip packer_0.10.2_linux_amd64.zip\n\n# clean up\napt-get clean\nrm terraform_0.11.5_linux_amd64.zip\nrm packer_0.10.2_linux_amd64.zip\n",
                            "part.0.content_type": "text/x-shellscript",
                            "part.0.filename": "",
                            "part.0.merge_type": "",
                            "rendered": "Content-Type: multipart/mixed; boundary=\"MIMEBOUNDARY\"\nMIME-Version: 1.0\r\n\r\n--MIMEBOUNDARY\r\nContent-Transfer-Encoding: 7bit\r\nContent-Type: text/x-shellscript\r\nMime-Version: 1.0\r\n\r\n#!/bin/bash\n\n# volume setup\nvgchange -ay\n\nDEVICE_FS=`blkid -o value -s TYPE /dev/xvdh`\nif [ \"`echo -n $DEVICE_FS`\" == \"\" ] ; then \n  # wait for the device to be attached\n  DEVICENAME=`echo \"/dev/xvdh\" | awk -F '/' '{print $3}'`\n  DEVICEEXISTS=''\n  while [[ -z $DEVICEEXISTS ]]; do\n    echo \"checking $DEVICENAME\"\n    DEVICEEXISTS=`lsblk |grep \"$DEVICENAME\" |wc -l`\n    if [[ $DEVICEEXISTS != \"1\" ]]; then\n      sleep 15\n    fi\n  done\n  pvcreate /dev/xvdh\n  vgcreate data /dev/xvdh\n  lvcreate --name volume1 -l 100%FREE data\n  mkfs.ext4 /dev/data/volume1\nfi\nmkdir -p /var/lib/jenkins\necho '/dev/data/volume1 /var/lib/jenkins ext4 defaults 0 0' \u003e\u003e /etc/fstab\nmount /var/lib/jenkins\n\n# install jenkins\nwget -q -O - https://pkg.jenkins.io/debian-stable/jenkins.io.key | sudo apt-key add -\necho \"deb http://pkg.jenkins.io/debian-stable binary/\" \u003e\u003e /etc/apt/sources.list\napt-get update\napt-get install -y jenkins=2.114.1 unzip\n\n# install pip\nwget -q https://bootstrap.pypa.io/get-pip.py\npython get-pip.py\npython3 get-pip.py\nrm -f get-pip.py\n\n# install awscli\npip install awscli\n\n# install terraform\ncd /usr/local/bin\nwget -q https://releases.hashicorp.com/terraform/0.11.5/terraform_0.11.5_linux_amd64.zip\nunzip terraform_0.11.5_linux_amd64.zip\n\n# install packer\nwget -q https://releases.hashicorp.com/packer/0.10.2/packer_0.10.2_linux_amd64.zip\nunzip packer_0.10.2_linux_amd64.zip\n\n# clean up\napt-get clean\nrm terraform_0.11.5_linux_amd64.zip\nrm packer_0.10.2_linux_amd64.zip\n\r\n--MIMEBOUNDARY--\r\n"
                        },
                        "meta": {},
                        "tainted": false
                    },
                    "deposed": [],
                    "provider": "provider.template"
                },
                "data.template_file.jenkins-init": {
                    "type": "template_file",
                    "depends_on": [],
                    "primary": {
                        "id": "0ffcde99fb99ec41aa8c2468f7b4ac4339814212f33d98b1d292a3a2b239c4c0",
                        "attributes": {
                            "id": "0ffcde99fb99ec41aa8c2468f7b4ac4339814212f33d98b1d292a3a2b239c4c0",
                            "rendered": "#!/bin/bash\n\n# volume setup\nvgchange -ay\n\nDEVICE_FS=`blkid -o value -s TYPE /dev/xvdh`\nif [ \"`echo -n $DEVICE_FS`\" == \"\" ] ; then \n  # wait for the device to be attached\n  DEVICENAME=`echo \"/dev/xvdh\" | awk -F '/' '{print $3}'`\n  DEVICEEXISTS=''\n  while [[ -z $DEVICEEXISTS ]]; do\n    echo \"checking $DEVICENAME\"\n    DEVICEEXISTS=`lsblk |grep \"$DEVICENAME\" |wc -l`\n    if [[ $DEVICEEXISTS != \"1\" ]]; then\n      sleep 15\n    fi\n  done\n  pvcreate /dev/xvdh\n  vgcreate data /dev/xvdh\n  lvcreate --name volume1 -l 100%FREE data\n  mkfs.ext4 /dev/data/volume1\nfi\nmkdir -p /var/lib/jenkins\necho '/dev/data/volume1 /var/lib/jenkins ext4 defaults 0 0' \u003e\u003e /etc/fstab\nmount /var/lib/jenkins\n\n# install jenkins\nwget -q -O - https://pkg.jenkins.io/debian-stable/jenkins.io.key | sudo apt-key add -\necho \"deb http://pkg.jenkins.io/debian-stable binary/\" \u003e\u003e /etc/apt/sources.list\napt-get update\napt-get install -y jenkins=2.114.1 unzip\n\n# install pip\nwget -q https://bootstrap.pypa.io/get-pip.py\npython get-pip.py\npython3 get-pip.py\nrm -f get-pip.py\n\n# install awscli\npip install awscli\n\n# install terraform\ncd /usr/local/bin\nwget -q https://releases.hashicorp.com/terraform/0.11.5/terraform_0.11.5_linux_amd64.zip\nunzip terraform_0.11.5_linux_amd64.zip\n\n# install packer\nwget -q https://releases.hashicorp.com/packer/0.10.2/packer_0.10.2_linux_amd64.zip\nunzip packer_0.10.2_linux_amd64.zip\n\n# clean up\napt-get clean\nrm terraform_0.11.5_linux_amd64.zip\nrm packer_0.10.2_linux_amd64.zip\n",
                            "template": "#!/bin/bash\n\n# volume setup\nvgchange -ay\n\nDEVICE_FS=`blkid -o value -s TYPE ${DEVICE}`\nif [ \"`echo -n $DEVICE_FS`\" == \"\" ] ; then \n  # wait for the device to be attached\n  DEVICENAME=`echo \"${DEVICE}\" | awk -F '/' '{print $3}'`\n  DEVICEEXISTS=''\n  while [[ -z $DEVICEEXISTS ]]; do\n    echo \"checking $DEVICENAME\"\n    DEVICEEXISTS=`lsblk |grep \"$DEVICENAME\" |wc -l`\n    if [[ $DEVICEEXISTS != \"1\" ]]; then\n      sleep 15\n    fi\n  done\n  pvcreate ${DEVICE}\n  vgcreate data ${DEVICE}\n  lvcreate --name volume1 -l 100%FREE data\n  mkfs.ext4 /dev/data/volume1\nfi\nmkdir -p /var/lib/jenkins\necho '/dev/data/volume1 /var/lib/jenkins ext4 defaults 0 0' \u003e\u003e /etc/fstab\nmount /var/lib/jenkins\n\n# install jenkins\nwget -q -O - https://pkg.jenkins.io/debian-stable/jenkins.io.key | sudo apt-key add -\necho \"deb http://pkg.jenkins.io/debian-stable binary/\" \u003e\u003e /etc/apt/sources.list\napt-get update\napt-get install -y jenkins=${JENKINS_VERSION} unzip\n\n# install pip\nwget -q https://bootstrap.pypa.io/get-pip.py\npython get-pip.py\npython3 get-pip.py\nrm -f get-pip.py\n\n# install awscli\npip install awscli\n\n# install terraform\ncd /usr/local/bin\nwget -q https://releases.hashicorp.com/terraform/${TERRAFORM_VERSION}/terraform_${TERRAFORM_VERSION}_linux_amd64.zip\nunzip terraform_${TERRAFORM_VERSION}_linux_amd64.zip\n\n# install packer\nwget -q https://releases.hashicorp.com/packer/${PACKER_VERSION}/packer_${PACKER_VERSION}_linux_amd64.zip\nunzip packer_${PACKER_VERSION}_linux_amd64.zip\n\n# clean up\napt-get clean\nrm terraform_${TERRAFORM_VERSION}_linux_amd64.zip\nrm packer_${PACKER_VERSION}_linux_amd64.zip\n",
                            "vars.%": "4",
                            "vars.DEVICE": "/dev/xvdh",
                            "vars.JENKINS_VERSION": "2.114.1",
                            "vars.PACKER_VERSION": "0.10.2",
                            "vars.TERRAFORM_VERSION": "0.11.5"
                        },
                        "meta": {},
                        "tainted": false
                    },
                    "deposed": [],
                    "provider": "provider.template"
                }
            },
            "depends_on": []
        }
    ]
}
